
Microsoft Visual Studio Solution File, Format Version 12.00
# Visual Studio Version 16
VisualStudioVersion = 16.0.32126.315
MinimumVisualStudioVersion = 10.0.40219.1
Project("{FAE04EC0-301F-11D3-BF4B-00C04F79EFBC}") = "Sisu_sistema", "Sisu_sistema\Sisu_sistema.csproj", "{3FBFE0F8-984A-4013-ACFE-583734A79C90}"
EndProject
Global
	GlobalSection(SolutionConfigurationPlatforms) = preSolution
		Debug|Any CPU = Debug|Any CPU
		Release|Any CPU = Release|Any CPU
	EndGlobalSection
	GlobalSection(ProjectConfigurationPlatforms) = postSolution
		{3FBFE0F8-984A-4013-ACFE-583734A79C90}.Debug|Any CPU.ActiveCfg = Debug|Any CPU
		{3FBFE0F8-984A-4013-ACFE-583734A79C90}.Debug|Any CPU.Build.0 = Debug|Any CPU
		{3FBFE0F8-984A-4013-ACFE-583734A79C90}.Release|Any CPU.ActiveCfg = Release|Any CPU
		{3FBFE0F8-984A-4013-ACFE-583734A79C90}.Release|Any CPU.Build.0 = Release|Any CPU
	EndGlobalSection
	GlobalSection(SolutionProperties) = preSolution
		HideSolutionNode = FALSE
	EndGlobalSection
	GlobalSection(ExtensibilityGlobals) = postSolution
		SolutionGuid = {0A73EF63-A1A0-43DC-AF0D-82DB44FE19D9}
	EndGlobalSection
EndGlobal
